
Microsoft Visual Studio Solution File, Format Version 12.00
# Visual Studio Version 16
VisualStudioVersion = 16.0.28803.202
MinimumVisualStudioVersion = 10.0.40219.1
Project("{FAE04EC0-301F-11D3-BF4B-00C04F79EFBC}") = "Chapter06", "Chapter06\Chapter06.csproj", "{91669F22-BD22-493C-A863-31F313C1A94F}"
EndProject
Global
	GlobalSection(SolutionConfigurationPlatforms) = preSolution
		Debug|Any CPU = Debug|Any CPU
		Release|Any CPU = Release|Any CPU
	EndGlobalSection
	GlobalSection(ProjectConfigurationPlatforms) = postSolution
		{91669F22-BD22-493C-A863-31F313C1A94F}.Debug|Any CPU.ActiveCfg = Debug|Any CPU
		{91669F22-BD22-493C-A863-31F313C1A94F}.Debug|Any CPU.Build.0 = Debug|Any CPU
		{91669F22-BD22-493C-A863-31F313C1A94F}.Release|Any CPU.ActiveCfg = Release|Any CPU
		{91669F22-BD22-493C-A863-31F313C1A94F}.Release|Any CPU.Build.0 = Release|Any CPU
	EndGlobalSection
	GlobalSection(SolutionProperties) = preSolution
		HideSolutionNode = FALSE
	EndGlobalSection
	GlobalSection(ExtensibilityGlobals) = postSolution
		SolutionGuid = {FB43F670-33C5-45B5-A517-DC87A16655EA}
	EndGlobalSection
EndGlobal
